PODS:
  - CocoaAsyncSocket (7.6.5)
  - FlutterMacOS (1.0.0)
  - patrol (0.0.1):
    - CocoaAsyncSocket (~> 7.6)
    - Flutter
    - FlutterMacOS
  - shared_preferences_foundation (0.0.1):
    - Flutter
    - FlutterMacOS

DEPENDENCIES:
  - FlutterMacOS (from `Flutter/ephemeral`)
  - patrol (from `Flutter/ephemeral/.symlinks/plugins/patrol/darwin`)
  - shared_preferences_foundation (from `Flutter/ephemeral/.symlinks/plugins/shared_preferences_foundation/darwin`)

SPEC REPOS:
  trunk:
    - CocoaAsyncSocket

EXTERNAL SOURCES:
  FlutterMacOS:
    :path: Flutter/ephemeral
  patrol:
    :path: Flutter/ephemeral/.symlinks/plugins/patrol/darwin
  shared_preferences_foundation:
    :path: Flutter/ephemeral/.symlinks/plugins/shared_preferences_foundation/darwin

SPEC CHECKSUMS:
  CocoaAsyncSocket: 065fd1e645c7abab64f7a6a2007a48038fdc6a99
  FlutterMacOS: d0db08ddef1a9af05a5ec4b724367152bb0500b1
  patrol: 0b1c45cf52cccba3b059ec6483f3a4d5c493314b
  shared_preferences_foundation: 9e1978ff2562383bd5676f64ec4e9aa8fa06a6f7

PODFILE CHECKSUM: 9ebaf0ce3d369aaa26a9ea0e159195ed94724cf3

COCOAPODS: 1.16.2
